{
  "name": "n8n-lego",
  "version": "0.1.0",
  "lockfileVersion": 3,
  "requires": true,
  "packages": {
    "": {
      "name": "n8n-lego",
      "version": "0.1.0",
      "license": "SEE LICENSE IN reference/n8n/LICENSE.md",
      "dependencies": {
        "n8n-editor-ui": "2.9.4"
      },
      "bin": {
        "n8n-lego": "bin/n8n-lego.mjs"
      },
      "engines": {
        "node": ">=22.18.0"
      }
    },
    "node_modules/n8n-editor-ui": {
      "version": "2.9.4",
      "resolved": "https://registry.npmjs.org/n8n-editor-ui/-/n8n-editor-ui-2.9.4.tgz",
      "integrity": "sha512-wIGzcrLdtshP0Do+Qtf2w0AWofIdmOG5SsLqXLeS6y82/eown5wada9T5YtZdby/L0+bMWPCUGgnGOkEhiPaQA==",
      "license": "SEE LICENSE IN LICENSE.md"
    }
  }
}
